
Microsoft Visual Studio Solution File, Format Version 12.00
# Visual Studio 15
VisualStudioVersion = 15.0.26730.16
MinimumVisualStudioVersion = 10.0.40219.1
Project("{FAE04EC0-301F-11D3-BF4B-00C04F79EFBC}") = "ExpenseTrackerTests", "ExpenseTrackerTests\ExpenseTrackerTests.csproj", "{50675FA2-1457-4545-A1E3-1F39466CB484}"
EndProject
Global
	GlobalSection(SolutionConfigurationPlatforms) = preSolution
		Debug|Any CPU = Debug|Any CPU
		Release|Any CPU = Release|Any CPU
	EndGlobalSection
	GlobalSection(ProjectConfigurationPlatforms) = postSolution
		{50675FA2-1457-4545-A1E3-1F39466CB484}.Debug|Any CPU.ActiveCfg = Debug|Any CPU
		{50675FA2-1457-4545-A1E3-1F39466CB484}.Debug|Any CPU.Build.0 = Debug|Any CPU
		{50675FA2-1457-4545-A1E3-1F39466CB484}.Release|Any CPU.ActiveCfg = Release|Any CPU
		{50675FA2-1457-4545-A1E3-1F39466CB484}.Release|Any CPU.Build.0 = Release|Any CPU
	EndGlobalSection
	GlobalSection(SolutionProperties) = preSolution
		HideSolutionNode = FALSE
	EndGlobalSection
	GlobalSection(ExtensibilityGlobals) = postSolution
		SolutionGuid = {630CF843-8553-45F1-AA22-199319CCF94F}
	EndGlobalSection
EndGlobal
